
Microsoft Visual Studio Solution File, Format Version 12.00
# Visual Studio 15
VisualStudioVersion = 15.0.27428.2027
MinimumVisualStudioVersion = 10.0.40219.1
Project("{9A19103F-16F7-4668-BE54-9A1E7A4F7556}") = "EventManagementCoreApi2", "EventManagementCoreApi2\EventManagementCoreApi2.csproj", "{883CDA8A-9B1A-4487-9DDD-1934F372E310}"
EndProject
Project("{9A19103F-16F7-4668-BE54-9A1E7A4F7556}") = "EventManagementCoreApi2.Core", "EventManagementCoreApi2.Core\EventManagementCoreApi2.Core.csproj", "{182EAEE7-22AA-49EB-A4DB-4F5910407B4C}"
EndProject
Project("{9A19103F-16F7-4668-BE54-9A1E7A4F7556}") = "EventManagementCoreApi2.DAL", "EventManagementCoreApi2.DAL\EventManagementCoreApi2.DAL.csproj", "{EE531819-7ADF-4A93-9D93-D17FB12E0664}"
EndProject
Project("{9A19103F-16F7-4668-BE54-9A1E7A4F7556}") = "EventManagementCoreApi2.Services", "EventManagementCoreApi2.Services\EventManagementCoreApi2.Services.csproj", "{4EEF6DA4-FE44-4B29-943B-44A9E10EB8D6}"
EndProject
Project("{9A19103F-16F7-4668-BE54-9A1E7A4F7556}") = "EventManagementCoreApi2.Security", "EventManagementCoreApi2.Security\EventManagementCoreApi2.Security.csproj", "{B7203766-75AF-4E09-A176-424EA0A3DD82}"
EndProject
Project("{9A19103F-16F7-4668-BE54-9A1E7A4F7556}") = "EventManagementCoreApi2.UnitTest", "EventManagementCoreApi2.UnitTest\EventManagementCoreApi2.UnitTest.csproj", "{675E6FAC-084E-4A05-82A8-B0621D9B0561}"
EndProject
Project("{9A19103F-16F7-4668-BE54-9A1E7A4F7556}") = "EventManagementCoreApi2.Helpers", "EventManagementCoreApi2.Helpers\EventManagementCoreApi2.Helpers.csproj", "{EC706EEA-12C1-4641-A3D5-1E44498816B9}"
EndProject
Project("{FAE04EC0-301F-11D3-BF4B-00C04F79EFBC}") = "EventManagementCoreApi2.Utility", "EventManagementCoreApi2.Utility\EventManagementCoreApi2.Utility.csproj", "{08061A54-8AB6-45F3-9B62-D75A7444F8BE}"
EndProject
Global
	GlobalSection(SolutionConfigurationPlatforms) = preSolution
		Debug|Any CPU = Debug|Any CPU
		Release|Any CPU = Release|Any CPU
	EndGlobalSection
	GlobalSection(ProjectConfigurationPlatforms) = postSolution
		{883CDA8A-9B1A-4487-9DDD-1934F372E310}.Debug|Any CPU.ActiveCfg = Debug|Any CPU
		{883CDA8A-9B1A-4487-9DDD-1934F372E310}.Debug|Any CPU.Build.0 = Debug|Any CPU
		{883CDA8A-9B1A-4487-9DDD-1934F372E310}.Release|Any CPU.ActiveCfg = Release|Any CPU
		{883CDA8A-9B1A-4487-9DDD-1934F372E310}.Release|Any CPU.Build.0 = Release|Any CPU
		{182EAEE7-22AA-49EB-A4DB-4F5910407B4C}.Debug|Any CPU.ActiveCfg = Debug|Any CPU
		{182EAEE7-22AA-49EB-A4DB-4F5910407B4C}.Debug|Any CPU.Build.0 = Debug|Any CPU
		{182EAEE7-22AA-49EB-A4DB-4F5910407B4C}.Release|Any CPU.ActiveCfg = Release|Any CPU
		{182EAEE7-22AA-49EB-A4DB-4F5910407B4C}.Release|Any CPU.Build.0 = Release|Any CPU
		{EE531819-7ADF-4A93-9D93-D17FB12E0664}.Debug|Any CPU.ActiveCfg = Debug|Any CPU
		{EE531819-7ADF-4A93-9D93-D17FB12E0664}.Debug|Any CPU.Build.0 = Debug|Any CPU
		{EE531819-7ADF-4A93-9D93-D17FB12E0664}.Release|Any CPU.ActiveCfg = Release|Any CPU
		{EE531819-7ADF-4A93-9D93-D17FB12E0664}.Release|Any CPU.Build.0 = Release|Any CPU
		{4EEF6DA4-FE44-4B29-943B-44A9E10EB8D6}.Debug|Any CPU.ActiveCfg = Debug|Any CPU
		{4EEF6DA4-FE44-4B29-943B-44A9E10EB8D6}.Debug|Any CPU.Build.0 = Debug|Any CPU
		{4EEF6DA4-FE44-4B29-943B-44A9E10EB8D6}.Release|Any CPU.ActiveCfg = Release|Any CPU
		{4EEF6DA4-FE44-4B29-943B-44A9E10EB8D6}.Release|Any CPU.Build.0 = Release|Any CPU
		{B7203766-75AF-4E09-A176-424EA0A3DD82}.Debug|Any CPU.ActiveCfg = Debug|Any CPU
		{B7203766-75AF-4E09-A176-424EA0A3DD82}.Debug|Any CPU.Build.0 = Debug|Any CPU
		{B7203766-75AF-4E09-A176-424EA0A3DD82}.Release|Any CPU.ActiveCfg = Release|Any CPU
		{B7203766-75AF-4E09-A176-424EA0A3DD82}.Release|Any CPU.Build.0 = Release|Any CPU
		{675E6FAC-084E-4A05-82A8-B0621D9B0561}.Debug|Any CPU.ActiveCfg = Debug|Any CPU
		{675E6FAC-084E-4A05-82A8-B0621D9B0561}.Debug|Any CPU.Build.0 = Debug|Any CPU
		{675E6FAC-084E-4A05-82A8-B0621D9B0561}.Release|Any CPU.ActiveCfg = Release|Any CPU
		{675E6FAC-084E-4A05-82A8-B0621D9B0561}.Release|Any CPU.Build.0 = Release|Any CPU
		{EC706EEA-12C1-4641-A3D5-1E44498816B9}.Debug|Any CPU.ActiveCfg = Debug|Any CPU
		{EC706EEA-12C1-4641-A3D5-1E44498816B9}.Debug|Any CPU.Build.0 = Debug|Any CPU
		{EC706EEA-12C1-4641-A3D5-1E44498816B9}.Release|Any CPU.ActiveCfg = Release|Any CPU
		{EC706EEA-12C1-4641-A3D5-1E44498816B9}.Release|Any CPU.Build.0 = Release|Any CPU
		{08061A54-8AB6-45F3-9B62-D75A7444F8BE}.Debug|Any CPU.ActiveCfg = Debug|Any CPU
		{08061A54-8AB6-45F3-9B62-D75A7444F8BE}.Debug|Any CPU.Build.0 = Debug|Any CPU
		{08061A54-8AB6-45F3-9B62-D75A7444F8BE}.Release|Any CPU.ActiveCfg = Release|Any CPU
		{08061A54-8AB6-45F3-9B62-D75A7444F8BE}.Release|Any CPU.Build.0 = Release|Any CPU
	EndGlobalSection
	GlobalSection(SolutionProperties) = preSolution
		HideSolutionNode = FALSE
	EndGlobalSection
	GlobalSection(ExtensibilityGlobals) = postSolution
		SolutionGuid = {0C1C0334-1E30-4453-ADB1-B7B0B9377327}
	EndGlobalSection
EndGlobal
